// !$*UTF8*$!
{
	archiveVersion = 1;
	classes = {
	};
	objectVersion = 50;
	objects = {

/* Begin PBXBuildFile section */
		B864AC83833534A0EADB59EE /* Pods_AzureTest.framework in Frameworks */ = {isa = PBXBuildFile; fileRef = 8EB9F1CAF7C44E31F8B9CAA3 /* Pods_AzureTest.framework */; };
		D7F3BB5723BB76FD00D95556 /* AppDelegate.swift in Sources */ = {isa = PBXBuildFile; fileRef = D7F3BB5623BB76FD00D95556 /* AppDelegate.swift */; };
		D7F3BB5923BB76FD00D95556 /* SceneDelegate.swift in Sources */ = {isa = PBXBuildFile; fileRef = D7F3BB5823BB76FD00D95556 /* SceneDelegate.swift */; };
		D7F3BB5B23BB76FD00D95556 /* ViewController.swift in Sources */ = {isa = PBXBuildFile; fileRef = D7F3BB5A23BB76FD00D95556 /* ViewController.swift */; };
		D7F3BB5E23BB76FD00D95556 /* Main.storyboard in Resources */ = {isa = PBXBuildFile; fileRef = D7F3BB5C23BB76FD00D95556 /* Main.storyboard */; };
		D7F3BB6023BB770100D95556 /* Assets.xcassets in Resources */ = {isa = PBXBuildFile; fileRef = D7F3BB5F23BB770100D95556 /* Assets.xcassets */; };
		D7F3BB6323BB770100D95556 /* LaunchScreen.storyboard in Resources */ = {isa = PBXBuildFile; fileRef = D7F3BB6123BB770100D95556 /* LaunchScreen.storyboard */; };
/* End PBXBuildFile section */

/* Begin PBXFileReference section */
		37B6847BF6A8B0C96DCEBF7E /* Pods-AzureTest.release.xcconfig */ = {isa = PBXFileReference; includeInIndex = 1; lastKnownFileType = text.xcconfig; name = "Pods-AzureTest.release.xcconfig"; path = "Target Support Files/Pods-AzureTest/Pods-AzureTest.release.xcconfig"; sourceTree = "<group>"; };
		8EB9F1CAF7C44E31F8B9CAA3 /* Pods_AzureTest.framework */ = {isa = PBXFileReference; explicitFileType = wrapper.framework; includeInIndex = 0; path = Pods_AzureTest.framework; sourceTree = BUILT_PRODUCTS_DIR; };
		D5273F0211C2F8E374C30DEC /* Pods-AzureTest.debug.xcconfig */ = {isa = PBXFileReference; includeInIndex = 1; lastKnownFileType = text.xcconfig; name = "Pods-AzureTest.debug.xcconfig"; path = "Target Support Files/Pods-AzureTest/Pods-AzureTest.debug.xcconfig"; sourceTree = "<group>"; };
		D7F3BB5323BB76FD00D95556 /* AzureTest.app */ = {isa = PBXFileReference; explicitFileType = wrapper.application; includeInIndex = 0; path = AzureTest.app; sourceTree = BUILT_PRODUCTS_DIR; };
		D7F3BB5623BB76FD00D95556 /* AppDelegate.swift */ = {isa = PBXFileReference; lastKnownFileType = sourcecode.swift; path = AppDelegate.swift; sourceTree = "<group>"; };
		D7F3BB5823BB76FD00D95556 /* SceneDelegate.swift */ = {isa = PBXFileReference; lastKnownFileType = sourcecode.swift; path = SceneDelegate.swift; sourceTree = "<group>"; };
		D7F3BB5A23BB76FD00D95556 /* ViewController.swift */ = {isa = PBXFileReference; lastKnownFileType = sourcecode.swift; path = ViewController.swift; sourceTree = "<group>"; };
		D7F3BB5D23BB76FD00D95556 /* Base */ = {isa = PBXFileReference; lastKnownFileType = file.storyboard; name = Base; path = Base.lproj/Main.storyboard; sourceTree = "<group>"; };
		D7F3BB5F23BB770100D95556 /* Assets.xcassets */ = {isa = PBXFileReference; lastKnownFileType = folder.assetcatalog; path = Assets.xcassets; sourceTree = "<group>"; };
		D7F3BB6223BB770100D95556 /* Base */ = {isa = PBXFileReference; lastKnownFileType = file.storyboard; name = Base; path = Base.lproj/LaunchScreen.storyboard; sourceTree = "<group>"; };
		D7F3BB6423BB770100D95556 /* Info.plist */ = {isa = PBXFileReference; lastKnownFileType = text.plist.xml; path = Info.plist; sourceTree = "<group>"; };
/* End PBXFileReference section */

/* Begin PBXFrameworksBuildPhase section */
		D7F3BB5023BB76FD00D95556 /* Frameworks */ = {
			isa = PBXFrameworksBuildPhase;
			buildActionMask = 2147483647;
			files = (
				B864AC83833534A0EADB59EE /* Pods_AzureTest.framework in Frameworks */,
			);
			runOnlyForDeploymentPostprocessing = 0;
		};
/* End PBXFrameworksBuildPhase section */

/* Begin PBXGroup section */
		18834A7DE83E663020F047C9 /* Frameworks */ = {
			isa = PBXGroup;
			children = (
				8EB9F1CAF7C44E31F8B9CAA3 /* Pods_AzureTest.framework */,
			);
			name = Frameworks;
			sourceTree = "<group>";
		};
		8FBE76E0F2D17B6151531F2C /* Pods */ = {
			isa = PBXGroup;
			children = (
				D5273F0211C2F8E374C30DEC /* Pods-AzureTest.debug.xcconfig */,
				37B6847BF6A8B0C96DCEBF7E /* Pods-AzureTest.release.xcconfig */,
			);
			name = Pods;
			path = Pods;
			sourceTree = "<group>";
		};
		D7F3BB4A23BB76FD00D95556 = {
			isa = PBXGroup;
			children = (
				D7F3BB5523BB76FD00D95556 /* AzureTest */,
				D7F3BB5423BB76FD00D95556 /* Products */,
				8FBE76E0F2D17B6151531F2C /* Pods */,
				18834A7DE83E663020F047C9 /* Frameworks */,
			);
			sourceTree = "<group>";
		};
		D7F3BB5423BB76FD00D95556 /* Products */ = {
			isa = PBXGroup;
			children = (
				D7F3BB5323BB76FD00D95556 /* AzureTest.app */,
			);
			name = Products;
			sourceTree = "<group>";
		};
		D7F3BB5523BB76FD00D95556 /* AzureTest */ = {
			isa = PBXGroup;
			children = (
				D7F3BB5623BB76FD00D95556 /* AppDelegate.swift */,
				D7F3BB5823BB76FD00D95556 /* SceneDelegate.swift */,
				D7F3BB5A23BB76FD00D95556 /* ViewController.swift */,
				D7F3BB5C23BB76FD00D95556 /* Main.storyboard */,
				D7F3BB5F23BB770100D95556 /* Assets.xcassets */,
				D7F3BB6123BB770100D95556 /* LaunchScreen.storyboard */,
				D7F3BB6423BB770100D95556 /* Info.plist */,
			);
			path = AzureTest;
			sourceTree = "<group>";
		};
/* End PBXGroup section */

/* Begin PBXNativeTarget section */
		D7F3BB5223BB76FD00D95556 /* AzureTest */ = {
			isa = PBXNativeTarget;
			buildConfigurationList = D7F3BB6723BB770100D95556 /* Build configuration list for PBXNativeTarget "AzureTest" */;
			buildPhases = (
				AED744456894C3E833A41034 /* [CP] Check Pods Manifest.lock */,
				D7F3BB4F23BB76FD00D95556 /* Sources */,
				D7F3BB5023BB76FD00D95556 /* Frameworks */,
				D7F3BB5123BB76FD00D95556 /* Resources */,
				A0E08F39F15B09531F4BC449 /* [CP] Embed Pods Frameworks */,
			);
			buildRules = (
			);
			dependencies = (
			);
			name = AzureTest;
			productName = AzureTest;
			productReference = D7F3BB5323BB76FD00D95556 /* AzureTest.app */;
			productType = "com.apple.product-type.application";
		};
/* End PBXNativeTarget section */

/* Begin PBXProject section */
		D7F3BB4B23BB76FD00D95556 /* Project object */ = {
			isa = PBXProject;
			attributes = {
				LastSwiftUpdateCheck = 1120;
				LastUpgradeCheck = 1120;
				ORGANIZATIONNAME = Coformatique;
				TargetAttributes = {
					D7F3BB5223BB76FD00D95556 = {
						CreatedOnToolsVersion = 11.2.1;
					};
				};
			};
			buildConfigurationList = D7F3BB4E23BB76FD00D95556 /* Build configuration list for PBXProject "AzureTest" */;
			compatibilityVersion = "Xcode 9.3";
			developmentRegion = en;
			hasScannedForEncodings = 0;
			knownRegions = (
				en,
				Base,
			);
			mainGroup = D7F3BB4A23BB76FD00D95556;
			productRefGroup = D7F3BB5423BB76FD00D95556 /* Products */;
			projectDirPath = "";
			projectRoot = "";
			targets = (
				D7F3BB5223BB76FD00D95556 /* AzureTest */,
			);
		};
/* End PBXProject section */

/* Begin PBXResourcesBuildPhase section */
		D7F3BB5123BB76FD00D95556 /* Resources */ = {
			isa = PBXResourcesBuildPhase;
			buildActionMask = 2147483647;
			files = (
				D7F3BB6323BB770100D95556 /* LaunchScreen.storyboard in Resources */,
				D7F3BB6023BB770100D95556 /* Assets.xcassets in Resources */,
				D7F3BB5E23BB76FD00D95556 /* Main.storyboard in Resources */,
			);
			runOnlyForDeploymentPostprocessing = 0;
		};
/* End PBXResourcesBuildPhase section */

/* Begin PBXShellScriptBuildPhase section */
		A0E08F39F15B09531F4BC449 /* [CP] Embed Pods Frameworks */ = {
			isa = PBXShellScriptBuildPhase;
			buildActionMask = 2147483647;
			files = (
			);
			inputFileListPaths = (
				"${PODS_ROOT}/Target Support Files/Pods-AzureTest/Pods-AzureTest-frameworks-${CONFIGURATION}-input-files.xcfilelist",
			);
			name = "[CP] Embed Pods Frameworks";
			outputFileListPaths = (
				"${PODS_ROOT}/Target Support Files/Pods-AzureTest/Pods-AzureTest-frameworks-${CONFIGURATION}-output-files.xcfilelist",
			);
			runOnlyForDeploymentPostprocessing = 0;
			shellPath = /bin/sh;
			shellScript = "\"${PODS_ROOT}/Target Support Files/Pods-AzureTest/Pods-AzureTest-frameworks.sh\"\n";
			showEnvVarsInLog = 0;
		};
		AED744456894C3E833A41034 /* [CP] Check Pods Manifest.lock */ = {
			isa = PBXShellScriptBuildPhase;
			buildActionMask = 2147483647;
			files = (
			);
			inputFileListPaths = (
			);
			inputPaths = (
				"${PODS_PODFILE_DIR_PATH}/Podfile.lock",
				"${PODS_ROOT}/Manifest.lock",
			);
			name = "[CP] Check Pods Manifest.lock";
			outputFileListPaths = (
			);
			outputPaths = (
				"$(DERIVED_FILE_DIR)/Pods-AzureTest-checkManifestLockResult.txt",
			);
			runOnlyForDeploymentPostprocessing = 0;
			shellPath = /bin/sh;
			shellScript = "diff \"${PODS_PODFILE_DIR_PATH}/Podfile.lock\" \"${PODS_ROOT}/Manifest.lock\" > /dev/null\nif [ $? != 0 ] ; then\n    # print error to STDERR\n    echo \"error: The sandbox is not in sync with the Podfile.lock. Run 'pod install' or update your CocoaPods installation.\" >&2\n    exit 1\nfi\n# This output is used by Xcode 'outputs' to avoid re-running this script phase.\necho \"SUCCESS\" > \"${SCRIPT_OUTPUT_FILE_0}\"\n";
			showEnvVarsInLog = 0;
		};
/* End PBXShellScriptBuildPhase section */

/* Begin PBXSourcesBuildPhase section */
		D7F3BB4F23BB76FD00D95556 /* Sources */ = {
			isa = PBXSourcesBuildPhase;
			buildActionMask = 2147483647;
			files = (
				D7F3BB5B23BB76FD00D95556 /* ViewController.swift in Sources */,
				D7F3BB5723BB76FD00D95556 /* AppDelegate.swift in Sources */,
				D7F3BB5923BB76FD00D95556 /* SceneDelegate.swift in Sources */,
			);
			runOnlyForDeploymentPostprocessing = 0;
		};
/* End PBXSourcesBuildPhase section */

/* Begin PBXVariantGroup section */
		D7F3BB5C23BB76FD00D95556 /* Main.storyboard */ = {
			isa = PBXVariantGroup;
			children = (
				D7F3BB5D23BB76FD00D95556 /* Base */,
			);
			name = Main.storyboard;
			sourceTree = "<group>";
		};
		D7F3BB6123BB770100D95556 /* LaunchScreen.storyboard */ = {
			isa = PBXVariantGroup;
			children = (
				D7F3BB6223BB770100D95556 /* Base */,
			);
			name = LaunchScreen.storyboard;
			sourceTree = "<group>";
		};
/* End PBXVariantGroup section */

/* Begin XCBuildConfiguration section */
		D7F3BB6523BB770100D95556 /* Debug */ = {
			isa = XCBuildConfiguration;
			buildSettings = {
				ALWAYS_SEARCH_USER_PATHS = NO;
				CLANG_ANALYZER_NONNULL = YES;
				CLANG_ANALYZER_NUMBER_OBJECT_CONVERSION = YES_AGGRESSIVE;
				CLANG_CXX_LANGUAGE_STANDARD = "gnu++14";
				CLANG_CXX_LIBRARY = "libc++";
				CLANG_ENABLE_MODULES = YES;
				CLANG_ENABLE_OBJC_ARC = YES;
				CLANG_ENABLE_OBJC_WEAK = YES;
				CLANG_WARN_BLOCK_CAPTURE_AUTORELEASING = YES;
				CLANG_WARN_BOOL_CONVERSION = YES;
				CLANG_WARN_COMMA = YES;
				CLANG_WARN_CONSTANT_CONVERSION = YES;
				CLANG_WARN_DEPRECATED_OBJC_IMPLEMENTATIONS = YES;
				CLANG_WARN_DIRECT_OBJC_ISA_USAGE = YES_ERROR;
				CLANG_WARN_DOCUMENTATION_COMMENTS = YES;
				CLANG_WARN_EMPTY_BODY = YES;
				CLANG_WARN_ENUM_CONVERSION = YES;
				CLANG_WARN_INFINITE_RECURSION = YES;
				CLANG_WARN_INT_CONVERSION = YES;
				CLANG_WARN_NON_LITERAL_NULL_CONVERSION = YES;
				CLANG_WARN_OBJC_IMPLICIT_RETAIN_SELF = YES;
				CLANG_WARN_OBJC_LITERAL_CONVERSION = YES;
				CLANG_WARN_OBJC_ROOT_CLASS = YES_ERROR;
				CLANG_WARN_RANGE_LOOP_ANALYSIS = YES;
				CLANG_WARN_STRICT_PROTOTYPES = YES;
				CLANG_WARN_SUSPICIOUS_MOVE = YES;
				CLANG_WARN_UNGUARDED_AVAILABILITY = YES_AGGRESSIVE;
				CLANG_WARN_UNREACHABLE_CODE = YES;
				CLANG_WARN__DUPLICATE_METHOD_MATCH = YES;
				COPY_PHASE_STRIP = NO;
				DEBUG_INFORMATION_FORMAT = dwarf;
				ENABLE_STRICT_OBJC_MSGSEND = YES;
				ENABLE_TESTABILITY = YES;
				GCC_C_LANGUAGE_STANDARD = gnu11;
				GCC_DYNAMIC_NO_PIC = NO;
				GCC_NO_COMMON_BLOCKS = YES;
				GCC_OPTIMIZATION_LEVEL = 0;
				GCC_PREPROCESSOR_DEFINITIONS = (
					"DEBUG=1",
					"$(inherited)",
				);
				GCC_WARN_64_TO_32_BIT_CONVERSION = YES;
				GCC_WARN_ABOUT_RETURN_TYPE = YES_ERROR;
				GCC_WARN_UNDECLARED_SELECTOR = YES;
				GCC_WARN_UNINITIALIZED_AUTOS = YES_AGGRESSIVE;
				GCC_WARN_UNUSED_FUNCTION = YES;
				GCC_WARN_UNUSED_VARIABLE = YES;
				IPHONEOS_DEPLOYMENT_TARGET = 13.2;
				MTL_ENABLE_DEBUG_INFO = INCLUDE_SOURCE;
				MTL_FAST_MATH = YES;
				ONLY_ACTIVE_ARCH = YES;
				SDKROOT = iphoneos;
				SWIFT_ACTIVE_COMPILATION_CONDITIONS = DEBUG;
				SWIFT_OPTIMIZATION_LEVEL = "-Onone";
			};
			name = Debug;
		};
		D7F3BB6623BB770100D95556 /* Release */ = {
			isa = XCBuildConfiguration;
			buildSettings = {
				ALWAYS_SEARCH_USER_PATHS = NO;
				CLANG_ANALYZER_NONNULL = YES;
				CLANG_ANALYZER_NUMBER_OBJECT_CONVERSION = YES_AGGRESSIVE;
				CLANG_CXX_LANGUAGE_STANDARD = "gnu++14";
				CLANG_CXX_LIBRARY = "libc++";
				CLANG_ENABLE_MODULES = YES;
				CLANG_ENABLE_OBJC_ARC = YES;
				CLANG_ENABLE_OBJC_WEAK = YES;
				CLANG_WARN_BLOCK_CAPTURE_AUTORELEASING = YES;
				CLANG_WARN_BOOL_CONVERSION = YES;
				CLANG_WARN_COMMA = YES;
				CLANG_WARN_CONSTANT_CONVERSION = YES;
				CLANG_WARN_DEPRECATED_OBJC_IMPLEMENTATIONS = YES;
				CLANG_WARN_DIRECT_OBJC_ISA_USAGE = YES_ERROR;
				CLANG_WARN_DOCUMENTATION_COMMENTS = YES;
				CLANG_WARN_EMPTY_BODY = YES;
				CLANG_WARN_ENUM_CONVERSION = YES;
				CLANG_WARN_INFINITE_RECURSION = YES;
				CLANG_WARN_INT_CONVERSION = YES;
				CLANG_WARN_NON_LITERAL_NULL_CONVERSION = YES;
				CLANG_WARN_OBJC_IMPLICIT_RETAIN_SELF = YES;
				CLANG_WARN_OBJC_LITERAL_CONVERSION = YES;
				CLANG_WARN_OBJC_ROOT_CLASS = YES_ERROR;
				CLANG_WARN_RANGE_LOOP_ANALYSIS = YES;
				CLANG_WARN_STRICT_PROTOTYPES = YES;
				CLANG_WARN_SUSPICIOUS_MOVE = YES;
				CLANG_WARN_UNGUARDED_AVAILABILITY = YES_AGGRESSIVE;
				CLANG_WARN_UNREACHABLE_CODE = YES;
				CLANG_WARN__DUPLICATE_METHOD_MATCH = YES;
				COPY_PHASE_STRIP = NO;
				DEBUG_INFORMATION_FORMAT = "dwarf-with-dsym";
				ENABLE_NS_ASSERTIONS = NO;
				ENABLE_STRICT_OBJC_MSGSEND = YES;
				GCC_C_LANGUAGE_STANDARD = gnu11;
				GCC_NO_COMMON_BLOCKS = YES;
				GCC_WARN_64_TO_32_BIT_CONVERSION = YES;
				GCC_WARN_ABOUT_RETURN_TYPE = YES_ERROR;
				GCC_WARN_UNDECLARED_SELECTOR = YES;
				GCC_WARN_UNINITIALIZED_AUTOS = YES_AGGRESSIVE;
				GCC_WARN_UNUSED_FUNCTION = YES;
				GCC_WARN_UNUSED_VARIABLE = YES;
				IPHONEOS_DEPLOYMENT_TARGET = 13.2;
				MTL_ENABLE_DEBUG_INFO = NO;
				MTL_FAST_MATH = YES;
				SDKROOT = iphoneos;
				SWIFT_COMPILATION_MODE = wholemodule;
				SWIFT_OPTIMIZATION_LEVEL = "-O";
				VALIDATE_PRODUCT = YES;
			};
			name = Release;
		};
		D7F3BB6823BB770100D95556 /* Debug */ = {
			isa = XCBuildConfiguration;
			baseConfigurationReference = D5273F0211C2F8E374C30DEC /* Pods-AzureTest.debug.xcconfig */;
			buildSettings = {
				ASSETCATALOG_COMPILER_APPICON_NAME = AppIcon;
				CODE_SIGN_STYLE = Automatic;
				INFOPLIST_FILE = AzureTest/Info.plist;
				LD_RUNPATH_SEARCH_PATHS = (
					"$(inherited)",
					"@executable_path/Frameworks",
				);
				PRODUCT_BUNDLE_IDENTIFIER = com.paula.AzureTest;
				PRODUCT_NAME = "$(TARGET_NAME)";
				SWIFT_VERSION = 5.0;
				TARGETED_DEVICE_FAMILY = "1,2";
			};
			name = Debug;
		};
		D7F3BB6923BB770100D95556 /* Release */ = {
			isa = XCBuildConfiguration;
			baseConfigurationReference = 37B6847BF6A8B0C96DCEBF7E /* Pods-AzureTest.release.xcconfig */;
			buildSettings = {
				ASSETCATALOG_COMPILER_APPICON_NAME = AppIcon;
				CODE_SIGN_STYLE = Automatic;
				INFOPLIST_FILE = AzureTest/Info.plist;
				LD_RUNPATH_SEARCH_PATHS = (
					"$(inherited)",
					"@executable_path/Frameworks",
				);
				PRODUCT_BUNDLE_IDENTIFIER = com.paula.AzureTest;
				PRODUCT_NAME = "$(TARGET_NAME)";
				SWIFT_VERSION = 5.0;
				TARGETED_DEVICE_FAMILY = "1,2";
			};
			name = Release;
		};
/* End XCBuildConfiguration section */

/* Begin XCConfigurationList section */
		D7F3BB4E23BB76FD00D95556 /* Build configuration list for PBXProject "AzureTest" */ = {
			isa = XCConfigurationList;
			buildConfigurations = (
				D7F3BB6523BB770100D95556 /* Debug */,
				D7F3BB6623BB770100D95556 /* Release */,
			);
			defaultConfigurationIsVisible = 0;
			defaultConfigurationName = Release;
		};
		D7F3BB6723BB770100D95556 /* Build configuration list for PBXNativeTarget "AzureTest" */ = {
			isa = XCConfigurationList;
			buildConfigurations = (
				D7F3BB6823BB770100D95556 /* Debug */,
				D7F3BB6923BB770100D95556 /* Release */,
			);
			defaultConfigurationIsVisible = 0;
			defaultConfigurationName = Release;
		};
/* End XCConfigurationList section */
	};
	rootObject = D7F3BB4B23BB76FD00D95556 /* Project object */;
}
